
Microsoft Visual Studio Solution File, Format Version 12.00
# Visual Studio Version 16
VisualStudioVersion = 16.0.31220.234
MinimumVisualStudioVersion = 10.0.40219.1
Project("{9A19103F-16F7-4668-BE54-9A1E7A4F7556}") = "Kmanual", "Kmanual\Kmanual.csproj", "{8659BB81-1B8B-486C-9246-8452E39D69F8}"
EndProject
Project("{FAE04EC0-301F-11D3-BF4B-00C04F79EFBC}") = "Knative", "Knative\Knative.csproj", "{2DEC1ABE-89AD-4A33-9E20-6DDA89BB5A76}"
EndProject
Global
	GlobalSection(SolutionConfigurationPlatforms) = preSolution
		Debug|Any CPU = Debug|Any CPU
		Release|Any CPU = Release|Any CPU
	EndGlobalSection
	GlobalSection(ProjectConfigurationPlatforms) = postSolution
		{8659BB81-1B8B-486C-9246-8452E39D69F8}.Debug|Any CPU.ActiveCfg = Debug|Any CPU
		{8659BB81-1B8B-486C-9246-8452E39D69F8}.Debug|Any CPU.Build.0 = Debug|Any CPU
		{8659BB81-1B8B-486C-9246-8452E39D69F8}.Release|Any CPU.ActiveCfg = Release|Any CPU
		{8659BB81-1B8B-486C-9246-8452E39D69F8}.Release|Any CPU.Build.0 = Release|Any CPU
		{2DEC1ABE-89AD-4A33-9E20-6DDA89BB5A76}.Debug|Any CPU.ActiveCfg = Debug|Any CPU
		{2DEC1ABE-89AD-4A33-9E20-6DDA89BB5A76}.Debug|Any CPU.Build.0 = Debug|Any CPU
		{2DEC1ABE-89AD-4A33-9E20-6DDA89BB5A76}.Release|Any CPU.ActiveCfg = Release|Any CPU
		{2DEC1ABE-89AD-4A33-9E20-6DDA89BB5A76}.Release|Any CPU.Build.0 = Release|Any CPU
	EndGlobalSection
	GlobalSection(SolutionProperties) = preSolution
		HideSolutionNode = FALSE
	EndGlobalSection
	GlobalSection(ExtensibilityGlobals) = postSolution
		SolutionGuid = {A0143002-4B29-4E83-9617-93FFA2DE20BE}
	EndGlobalSection
EndGlobal
